
Microsoft Visual Studio Solution File, Format Version 12.00
# Visual Studio Version 17
VisualStudioVersion = 17.0.32112.339
MinimumVisualStudioVersion = 10.0.40219.1
Project("{9A19103F-16F7-4668-BE54-9A1E7A4F7556}") = "Checkout.Trigger", "Checkout.PaymentGateway.Trigger\Checkout.Trigger.csproj", "{131565CD-D447-4825-B7BE-05EB5A8C84D3}"
EndProject
Project("{2150E333-8FDC-42A3-9474-1A3956D46DE8}") = "5. Infrastructure - Transversal", "5. Infrastructure - Transversal", "{E3627A9B-195C-4107-9DF6-3C8323AB40FE}"
EndProject
Project("{2150E333-8FDC-42A3-9474-1A3956D46DE8}") = "Services", "Services", "{7EA57C9D-6810-4A74-9A51-CBE536C00E13}"
EndProject
Project("{2150E333-8FDC-42A3-9474-1A3956D46DE8}") = "4. Infrastructure - Persistence", "4. Infrastructure - Persistence", "{C9F00938-D923-454A-98C0-95E1D5572DAE}"
EndProject
Project("{9A19103F-16F7-4668-BE54-9A1E7A4F7556}") = "Checkout.Persistence", "Checkout.Persistence\Checkout.Persistence.csproj", "{C90D25CB-624A-4200-9891-8438B3F14580}"
EndProject
Project("{2150E333-8FDC-42A3-9474-1A3956D46DE8}") = "3. Domain", "3. Domain", "{1AAF6A92-0F84-4B27-B4AB-0784A82EB667}"
EndProject
Project("{9A19103F-16F7-4668-BE54-9A1E7A4F7556}") = "Checkout.Domain", "Checkout.Domain\Checkout.Domain.csproj", "{615846DC-49EC-4030-885B-AD44AC48434E}"
EndProject
Project("{9A19103F-16F7-4668-BE54-9A1E7A4F7556}") = "Checkout.Helper", "Checkout.Helper\Checkout.Helper.csproj", "{714848A5-CF23-46EF-8E29-2B57715DC29E}"
EndProject
Project("{9A19103F-16F7-4668-BE54-9A1E7A4F7556}") = "Checkout.Persistence.DataQuery", "Checkout.Persistence.DataQuery\Checkout.Persistence.DataQuery.csproj", "{83FEB3C4-355E-4315-9F74-5DFCEE370263}"
EndProject
Project("{2150E333-8FDC-42A3-9474-1A3956D46DE8}") = "2. Application", "2. Application", "{44DEB951-EA63-4264-9872-7860419E1E66}"
EndProject
Project("{9A19103F-16F7-4668-BE54-9A1E7A4F7556}") = "Checkout.Application", "Checkout.Application\Checkout.Application.csproj", "{7C1C0055-A921-4983-A58D-13DAC41035E3}"
EndProject
Project("{9A19103F-16F7-4668-BE54-9A1E7A4F7556}") = "Checkout.Application.Interfaces", "Checkout.Application.Interfaces\Checkout.Application.Interfaces.csproj", "{78108448-890F-4B16-9C96-25A9E2EE2AA6}"
EndProject
Project("{9A19103F-16F7-4668-BE54-9A1E7A4F7556}") = "Checkout.Application.Dto", "Checkout.Application.Dto\Checkout.Application.Dto.csproj", "{18D87F6B-2934-4795-8E5C-2334ACD4EF8A}"
EndProject
Project("{2150E333-8FDC-42A3-9474-1A3956D46DE8}") = "1. Entry Points", "1. Entry Points", "{6E0B87A5-0956-43F4-873D-B04B97956497}"
EndProject
Project("{2150E333-8FDC-42A3-9474-1A3956D46DE8}") = "6. Solution Assets", "6. Solution Assets", "{7E331613-DBC8-478F-8FBC-914676F34263}"
	ProjectSection(SolutionItems) = preProject
		README.md = README.md
	EndProjectSection
EndProject
Project("{00D1A9C2-B5F0-4AF3-8072-F6C62B433612}") = "Checkout.Database", "Checkout.Database\Checkout.Database.sqlproj", "{834B7B69-B5EA-41B1-8B1B-E1249C76675E}"
EndProject
Project("{2150E333-8FDC-42A3-9474-1A3956D46DE8}") = "Dependency Resolution", "Dependency Resolution", "{A4A9428D-3355-4577-A9B1-EDA99A8D2BC6}"
EndProject
Project("{9A19103F-16F7-4668-BE54-9A1E7A4F7556}") = "Checkout.DependencyResolution", "Checkout.DependencyResolution\Checkout.DependencyResolution.csproj", "{5BC26191-E096-4EB9-A6FD-D91BFB31A230}"
EndProject
Project("{9A19103F-16F7-4668-BE54-9A1E7A4F7556}") = "Checkout.Services", "Checkout.Services\Checkout.Services.csproj", "{F27A7292-7E7F-45C8-95AF-0E791083F0F5}"
EndProject
Project("{9A19103F-16F7-4668-BE54-9A1E7A4F7556}") = "Checkout.Services.Dto", "Checkout.Services.Dto\Checkout.Services.Dto.csproj", "{FCDA86B6-BF80-45F7-A6B0-76D9AC3FEB65}"
EndProject
Project("{9A19103F-16F7-4668-BE54-9A1E7A4F7556}") = "Checkout.Services.Interfaces", "Checkout.Services.Interfaces\Checkout.Services.Interfaces.csproj", "{A6239277-2E98-48AB-A48A-6F8250B54C14}"
EndProject
Project("{FAE04EC0-301F-11D3-BF4B-00C04F79EFBC}") = "Checkout.Application.Tests.Unit", "Checkout.Application.Tests.Unit\Checkout.Application.Tests.Unit.csproj", "{04C0815B-C50F-48EE-A428-08B20595882F}"
EndProject
Global
	GlobalSection(SolutionConfigurationPlatforms) = preSolution
		Debug|Any CPU = Debug|Any CPU
		Release|Any CPU = Release|Any CPU
	EndGlobalSection
	GlobalSection(ProjectConfigurationPlatforms) = postSolution
		{131565CD-D447-4825-B7BE-05EB5A8C84D3}.Debug|Any CPU.ActiveCfg = Debug|Any CPU
		{131565CD-D447-4825-B7BE-05EB5A8C84D3}.Debug|Any CPU.Build.0 = Debug|Any CPU
		{131565CD-D447-4825-B7BE-05EB5A8C84D3}.Release|Any CPU.ActiveCfg = Release|Any CPU
		{131565CD-D447-4825-B7BE-05EB5A8C84D3}.Release|Any CPU.Build.0 = Release|Any CPU
		{C90D25CB-624A-4200-9891-8438B3F14580}.Debug|Any CPU.ActiveCfg = Debug|Any CPU
		{C90D25CB-624A-4200-9891-8438B3F14580}.Debug|Any CPU.Build.0 = Debug|Any CPU
		{C90D25CB-624A-4200-9891-8438B3F14580}.Release|Any CPU.ActiveCfg = Release|Any CPU
		{C90D25CB-624A-4200-9891-8438B3F14580}.Release|Any CPU.Build.0 = Release|Any CPU
		{615846DC-49EC-4030-885B-AD44AC48434E}.Debug|Any CPU.ActiveCfg = Debug|Any CPU
		{615846DC-49EC-4030-885B-AD44AC48434E}.Debug|Any CPU.Build.0 = Debug|Any CPU
		{615846DC-49EC-4030-885B-AD44AC48434E}.Release|Any CPU.ActiveCfg = Release|Any CPU
		{615846DC-49EC-4030-885B-AD44AC48434E}.Release|Any CPU.Build.0 = Release|Any CPU
		{714848A5-CF23-46EF-8E29-2B57715DC29E}.Debug|Any CPU.ActiveCfg = Debug|Any CPU
		{714848A5-CF23-46EF-8E29-2B57715DC29E}.Debug|Any CPU.Build.0 = Debug|Any CPU
		{714848A5-CF23-46EF-8E29-2B57715DC29E}.Release|Any CPU.ActiveCfg = Release|Any CPU
		{714848A5-CF23-46EF-8E29-2B57715DC29E}.Release|Any CPU.Build.0 = Release|Any CPU
		{83FEB3C4-355E-4315-9F74-5DFCEE370263}.Debug|Any CPU.ActiveCfg = Debug|Any CPU
		{83FEB3C4-355E-4315-9F74-5DFCEE370263}.Debug|Any CPU.Build.0 = Debug|Any CPU
		{83FEB3C4-355E-4315-9F74-5DFCEE370263}.Release|Any CPU.ActiveCfg = Release|Any CPU
		{83FEB3C4-355E-4315-9F74-5DFCEE370263}.Release|Any CPU.Build.0 = Release|Any CPU
		{7C1C0055-A921-4983-A58D-13DAC41035E3}.Debug|Any CPU.ActiveCfg = Debug|Any CPU
		{7C1C0055-A921-4983-A58D-13DAC41035E3}.Debug|Any CPU.Build.0 = Debug|Any CPU
		{7C1C0055-A921-4983-A58D-13DAC41035E3}.Release|Any CPU.ActiveCfg = Release|Any CPU
		{7C1C0055-A921-4983-A58D-13DAC41035E3}.Release|Any CPU.Build.0 = Release|Any CPU
		{78108448-890F-4B16-9C96-25A9E2EE2AA6}.Debug|Any CPU.ActiveCfg = Debug|Any CPU
		{78108448-890F-4B16-9C96-25A9E2EE2AA6}.Debug|Any CPU.Build.0 = Debug|Any CPU
		{78108448-890F-4B16-9C96-25A9E2EE2AA6}.Release|Any CPU.ActiveCfg = Release|Any CPU
		{78108448-890F-4B16-9C96-25A9E2EE2AA6}.Release|Any CPU.Build.0 = Release|Any CPU
		{18D87F6B-2934-4795-8E5C-2334ACD4EF8A}.Debug|Any CPU.ActiveCfg = Debug|Any CPU
		{18D87F6B-2934-4795-8E5C-2334ACD4EF8A}.Debug|Any CPU.Build.0 = Debug|Any CPU
		{18D87F6B-2934-4795-8E5C-2334ACD4EF8A}.Release|Any CPU.ActiveCfg = Release|Any CPU
		{18D87F6B-2934-4795-8E5C-2334ACD4EF8A}.Release|Any CPU.Build.0 = Release|Any CPU
		{834B7B69-B5EA-41B1-8B1B-E1249C76675E}.Debug|Any CPU.ActiveCfg = Debug|Any CPU
		{834B7B69-B5EA-41B1-8B1B-E1249C76675E}.Debug|Any CPU.Build.0 = Debug|Any CPU
		{834B7B69-B5EA-41B1-8B1B-E1249C76675E}.Debug|Any CPU.Deploy.0 = Debug|Any CPU
		{834B7B69-B5EA-41B1-8B1B-E1249C76675E}.Release|Any CPU.ActiveCfg = Release|Any CPU
		{834B7B69-B5EA-41B1-8B1B-E1249C76675E}.Release|Any CPU.Build.0 = Release|Any CPU
		{834B7B69-B5EA-41B1-8B1B-E1249C76675E}.Release|Any CPU.Deploy.0 = Release|Any CPU
		{5BC26191-E096-4EB9-A6FD-D91BFB31A230}.Debug|Any CPU.ActiveCfg = Debug|Any CPU
		{5BC26191-E096-4EB9-A6FD-D91BFB31A230}.Debug|Any CPU.Build.0 = Debug|Any CPU
		{5BC26191-E096-4EB9-A6FD-D91BFB31A230}.Release|Any CPU.ActiveCfg = Release|Any CPU
		{5BC26191-E096-4EB9-A6FD-D91BFB31A230}.Release|Any CPU.Build.0 = Release|Any CPU
		{F27A7292-7E7F-45C8-95AF-0E791083F0F5}.Debug|Any CPU.ActiveCfg = Debug|Any CPU
		{F27A7292-7E7F-45C8-95AF-0E791083F0F5}.Debug|Any CPU.Build.0 = Debug|Any CPU
		{F27A7292-7E7F-45C8-95AF-0E791083F0F5}.Release|Any CPU.ActiveCfg = Release|Any CPU
		{F27A7292-7E7F-45C8-95AF-0E791083F0F5}.Release|Any CPU.Build.0 = Release|Any CPU
		{FCDA86B6-BF80-45F7-A6B0-76D9AC3FEB65}.Debug|Any CPU.ActiveCfg = Debug|Any CPU
		{FCDA86B6-BF80-45F7-A6B0-76D9AC3FEB65}.Debug|Any CPU.Build.0 = Debug|Any CPU
		{FCDA86B6-BF80-45F7-A6B0-76D9AC3FEB65}.Release|Any CPU.ActiveCfg = Release|Any CPU
		{FCDA86B6-BF80-45F7-A6B0-76D9AC3FEB65}.Release|Any CPU.Build.0 = Release|Any CPU
		{A6239277-2E98-48AB-A48A-6F8250B54C14}.Debug|Any CPU.ActiveCfg = Debug|Any CPU
		{A6239277-2E98-48AB-A48A-6F8250B54C14}.Debug|Any CPU.Build.0 = Debug|Any CPU
		{A6239277-2E98-48AB-A48A-6F8250B54C14}.Release|Any CPU.ActiveCfg = Release|Any CPU
		{A6239277-2E98-48AB-A48A-6F8250B54C14}.Release|Any CPU.Build.0 = Release|Any CPU
		{04C0815B-C50F-48EE-A428-08B20595882F}.Debug|Any CPU.ActiveCfg = Debug|Any CPU
		{04C0815B-C50F-48EE-A428-08B20595882F}.Debug|Any CPU.Build.0 = Debug|Any CPU
		{04C0815B-C50F-48EE-A428-08B20595882F}.Release|Any CPU.ActiveCfg = Release|Any CPU
		{04C0815B-C50F-48EE-A428-08B20595882F}.Release|Any CPU.Build.0 = Release|Any CPU
	EndGlobalSection
	GlobalSection(SolutionProperties) = preSolution
		HideSolutionNode = FALSE
	EndGlobalSection
	GlobalSection(NestedProjects) = preSolution
		{131565CD-D447-4825-B7BE-05EB5A8C84D3} = {6E0B87A5-0956-43F4-873D-B04B97956497}
		{7EA57C9D-6810-4A74-9A51-CBE536C00E13} = {E3627A9B-195C-4107-9DF6-3C8323AB40FE}
		{C90D25CB-624A-4200-9891-8438B3F14580} = {C9F00938-D923-454A-98C0-95E1D5572DAE}
		{615846DC-49EC-4030-885B-AD44AC48434E} = {1AAF6A92-0F84-4B27-B4AB-0784A82EB667}
		{714848A5-CF23-46EF-8E29-2B57715DC29E} = {E3627A9B-195C-4107-9DF6-3C8323AB40FE}
		{83FEB3C4-355E-4315-9F74-5DFCEE370263} = {C9F00938-D923-454A-98C0-95E1D5572DAE}
		{7C1C0055-A921-4983-A58D-13DAC41035E3} = {44DEB951-EA63-4264-9872-7860419E1E66}
		{78108448-890F-4B16-9C96-25A9E2EE2AA6} = {44DEB951-EA63-4264-9872-7860419E1E66}
		{18D87F6B-2934-4795-8E5C-2334ACD4EF8A} = {44DEB951-EA63-4264-9872-7860419E1E66}
		{834B7B69-B5EA-41B1-8B1B-E1249C76675E} = {7E331613-DBC8-478F-8FBC-914676F34263}
		{A4A9428D-3355-4577-A9B1-EDA99A8D2BC6} = {E3627A9B-195C-4107-9DF6-3C8323AB40FE}
		{5BC26191-E096-4EB9-A6FD-D91BFB31A230} = {A4A9428D-3355-4577-A9B1-EDA99A8D2BC6}
		{F27A7292-7E7F-45C8-95AF-0E791083F0F5} = {7EA57C9D-6810-4A74-9A51-CBE536C00E13}
		{FCDA86B6-BF80-45F7-A6B0-76D9AC3FEB65} = {7EA57C9D-6810-4A74-9A51-CBE536C00E13}
		{A6239277-2E98-48AB-A48A-6F8250B54C14} = {7EA57C9D-6810-4A74-9A51-CBE536C00E13}
		{04C0815B-C50F-48EE-A428-08B20595882F} = {44DEB951-EA63-4264-9872-7860419E1E66}
	EndGlobalSection
	GlobalSection(ExtensibilityGlobals) = postSolution
		SolutionGuid = {8DDA8231-7E65-4A07-83D1-AEA9B20FBCE1}
	EndGlobalSection
EndGlobal
